
Microsoft Visual Studio Solution File, Format Version 12.00
# Visual Studio Version 17
VisualStudioVersion = 17.1.32414.318
MinimumVisualStudioVersion = 10.0.40219.1
Project("{9A19103F-16F7-4668-BE54-9A1E7A4F7556}") = "ZipUploadUI-SrcDeploy", "ZipUploadUI-SrcDeploy\ZipUploadUI-SrcDeploy.csproj", "{CE6D7E61-4798-43E3-AAB4-D792DE347760}"
EndProject
Project("{9A19103F-16F7-4668-BE54-9A1E7A4F7556}") = "ZipUploadUI", "ZipUploadUI\ZipUploadUI.csproj", "{1B529AB8-BAF9-4B8C-B413-285E82C79178}"
EndProject
Project("{9A19103F-16F7-4668-BE54-9A1E7A4F7556}") = "LocalGitDeploy", "LocalGitDeploy\LocalGitDeploy.csproj", "{F287138C-0211-45A1-A52A-24668F1C50FF}"
EndProject
Project("{9A19103F-16F7-4668-BE54-9A1E7A4F7556}") = "RunFromPackage", "RunFromPackage\RunFromPackage.csproj", "{F4667314-7A79-41B8-9F38-EAA3CA87AC4A}"
EndProject
Project("{9A19103F-16F7-4668-BE54-9A1E7A4F7556}") = "GitHubDeploy", "GitHubDeploy\GitHubDeploy.csproj", "{35689912-6EB7-4FEC-B8C2-E811E0544D89}"
EndProject
Project("{FAE04EC0-301F-11D3-BF4B-00C04F79EFBC}") = "EasyAuth", "EasyAuth\EasyAuth.csproj", "{0D8FBF67-A0ED-470B-BAD6-B7CDCE8E6F11}"
EndProject
Project("{FAE04EC0-301F-11D3-BF4B-00C04F79EFBC}") = "ExtraStorage", "ExtraStorage\ExtraStorage.csproj", "{AB024666-8F0A-4B84-89AE-8F4B8572A98B}"
EndProject
Global
	GlobalSection(SolutionConfigurationPlatforms) = preSolution
		Debug|Any CPU = Debug|Any CPU
		Release|Any CPU = Release|Any CPU
	EndGlobalSection
	GlobalSection(ProjectConfigurationPlatforms) = postSolution
		{CE6D7E61-4798-43E3-AAB4-D792DE347760}.Debug|Any CPU.ActiveCfg = Debug|Any CPU
		{CE6D7E61-4798-43E3-AAB4-D792DE347760}.Debug|Any CPU.Build.0 = Debug|Any CPU
		{CE6D7E61-4798-43E3-AAB4-D792DE347760}.Release|Any CPU.ActiveCfg = Release|Any CPU
		{CE6D7E61-4798-43E3-AAB4-D792DE347760}.Release|Any CPU.Build.0 = Release|Any CPU
		{1B529AB8-BAF9-4B8C-B413-285E82C79178}.Debug|Any CPU.ActiveCfg = Debug|Any CPU
		{1B529AB8-BAF9-4B8C-B413-285E82C79178}.Debug|Any CPU.Build.0 = Debug|Any CPU
		{1B529AB8-BAF9-4B8C-B413-285E82C79178}.Release|Any CPU.ActiveCfg = Release|Any CPU
		{1B529AB8-BAF9-4B8C-B413-285E82C79178}.Release|Any CPU.Build.0 = Release|Any CPU
		{F287138C-0211-45A1-A52A-24668F1C50FF}.Debug|Any CPU.ActiveCfg = Debug|Any CPU
		{F287138C-0211-45A1-A52A-24668F1C50FF}.Debug|Any CPU.Build.0 = Debug|Any CPU
		{F287138C-0211-45A1-A52A-24668F1C50FF}.Release|Any CPU.ActiveCfg = Release|Any CPU
		{F287138C-0211-45A1-A52A-24668F1C50FF}.Release|Any CPU.Build.0 = Release|Any CPU
		{F4667314-7A79-41B8-9F38-EAA3CA87AC4A}.Debug|Any CPU.ActiveCfg = Debug|Any CPU
		{F4667314-7A79-41B8-9F38-EAA3CA87AC4A}.Debug|Any CPU.Build.0 = Debug|Any CPU
		{F4667314-7A79-41B8-9F38-EAA3CA87AC4A}.Release|Any CPU.ActiveCfg = Release|Any CPU
		{F4667314-7A79-41B8-9F38-EAA3CA87AC4A}.Release|Any CPU.Build.0 = Release|Any CPU
		{35689912-6EB7-4FEC-B8C2-E811E0544D89}.Debug|Any CPU.ActiveCfg = Debug|Any CPU
		{35689912-6EB7-4FEC-B8C2-E811E0544D89}.Debug|Any CPU.Build.0 = Debug|Any CPU
		{35689912-6EB7-4FEC-B8C2-E811E0544D89}.Release|Any CPU.ActiveCfg = Release|Any CPU
		{35689912-6EB7-4FEC-B8C2-E811E0544D89}.Release|Any CPU.Build.0 = Release|Any CPU
		{0D8FBF67-A0ED-470B-BAD6-B7CDCE8E6F11}.Debug|Any CPU.ActiveCfg = Debug|Any CPU
		{0D8FBF67-A0ED-470B-BAD6-B7CDCE8E6F11}.Debug|Any CPU.Build.0 = Debug|Any CPU
		{0D8FBF67-A0ED-470B-BAD6-B7CDCE8E6F11}.Release|Any CPU.ActiveCfg = Release|Any CPU
		{0D8FBF67-A0ED-470B-BAD6-B7CDCE8E6F11}.Release|Any CPU.Build.0 = Release|Any CPU
		{AB024666-8F0A-4B84-89AE-8F4B8572A98B}.Debug|Any CPU.ActiveCfg = Debug|Any CPU
		{AB024666-8F0A-4B84-89AE-8F4B8572A98B}.Debug|Any CPU.Build.0 = Debug|Any CPU
		{AB024666-8F0A-4B84-89AE-8F4B8572A98B}.Release|Any CPU.ActiveCfg = Release|Any CPU
		{AB024666-8F0A-4B84-89AE-8F4B8572A98B}.Release|Any CPU.Build.0 = Release|Any CPU
	EndGlobalSection
	GlobalSection(SolutionProperties) = preSolution
		HideSolutionNode = FALSE
	EndGlobalSection
	GlobalSection(ExtensibilityGlobals) = postSolution
		SolutionGuid = {8EC939A7-97EE-4C16-885F-B98B9F961C35}
	EndGlobalSection
EndGlobal
